
Microsoft Visual Studio Solution File, Format Version 12.00
# Visual Studio 15
VisualStudioVersion = 15.0.27703.2035
MinimumVisualStudioVersion = 10.0.40219.1
Project("{FAE04EC0-301F-11D3-BF4B-00C04F79EFBC}") = "DataMarkerIcon.Android", "DataMarkerIcon\DataMarkerIcon.Android\DataMarkerIcon.Android.csproj", "{16822108-00D3-423F-B4E8-4D4EEABD9D53}"
EndProject
Project("{FAE04EC0-301F-11D3-BF4B-00C04F79EFBC}") = "DataMarkerIcon.iOS", "DataMarkerIcon\DataMarkerIcon.iOS\DataMarkerIcon.iOS.csproj", "{691C061D-9E56-4207-AFA1-971862A6464D}"
EndProject
Project("{FAE04EC0-301F-11D3-BF4B-00C04F79EFBC}") = "DataMarkerIcon.UWP", "DataMarkerIcon\DataMarkerIcon.UWP\DataMarkerIcon.UWP.csproj", "{7B217F94-D4A1-4207-A1A8-62CD6474C2DF}"
EndProject
Project("{FAE04EC0-301F-11D3-BF4B-00C04F79EFBC}") = "DataMarkerIcon", "DataMarkerIcon\DataMarkerIcon\DataMarkerIcon.csproj", "{8F5DB2F4-65B5-4054-A452-102B35A8FC7D}"
EndProject
Global
	GlobalSection(SolutionConfigurationPlatforms) = preSolution
		Ad-Hoc|Any CPU = Ad-Hoc|Any CPU
		Ad-Hoc|ARM = Ad-Hoc|ARM
		Ad-Hoc|iPhone = Ad-Hoc|iPhone
		Ad-Hoc|iPhoneSimulator = Ad-Hoc|iPhoneSimulator
		Ad-Hoc|x64 = Ad-Hoc|x64
		Ad-Hoc|x86 = Ad-Hoc|x86
		AppStore|Any CPU = AppStore|Any CPU
		AppStore|ARM = AppStore|ARM
		AppStore|iPhone = AppStore|iPhone
		AppStore|iPhoneSimulator = AppStore|iPhoneSimulator
		AppStore|x64 = AppStore|x64
		AppStore|x86 = AppStore|x86
		Debug|Any CPU = Debug|Any CPU
		Debug|ARM = Debug|ARM
		Debug|iPhone = Debug|iPhone
		Debug|iPhoneSimulator = Debug|iPhoneSimulator
		Debug|x64 = Debug|x64
		Debug|x86 = Debug|x86
		Release|Any CPU = Release|Any CPU
		Release|ARM = Release|ARM
		Release|iPhone = Release|iPhone
		Release|iPhoneSimulator = Release|iPhoneSimulator
		Release|x64 = Release|x64
		Release|x86 = Release|x86
	EndGlobalSection
	GlobalSection(ProjectConfigurationPlatforms) = postSolution
		{16822108-00D3-423F-B4E8-4D4EEABD9D53}.Ad-Hoc|Any CPU.ActiveCfg = Release|Any CPU
		{16822108-00D3-423F-B4E8-4D4EEABD9D53}.Ad-Hoc|Any CPU.Build.0 = Release|Any CPU
		{16822108-00D3-423F-B4E8-4D4EEABD9D53}.Ad-Hoc|Any CPU.Deploy.0 = Release|Any CPU
		{16822108-00D3-423F-B4E8-4D4EEABD9D53}.Ad-Hoc|ARM.ActiveCfg = Release|Any CPU
		{16822108-00D3-423F-B4E8-4D4EEABD9D53}.Ad-Hoc|ARM.Build.0 = Release|Any CPU
		{16822108-00D3-423F-B4E8-4D4EEABD9D53}.Ad-Hoc|ARM.Deploy.0 = Release|Any CPU
		{16822108-00D3-423F-B4E8-4D4EEABD9D53}.Ad-Hoc|iPhone.ActiveCfg = Release|Any CPU
		{16822108-00D3-423F-B4E8-4D4EEABD9D53}.Ad-Hoc|iPhone.Build.0 = Release|Any CPU
		{16822108-00D3-423F-B4E8-4D4EEABD9D53}.Ad-Hoc|iPhone.Deploy.0 = Release|Any CPU
		{16822108-00D3-423F-B4E8-4D4EEABD9D53}.Ad-Hoc|iPhoneSimulator.ActiveCfg = Release|Any CPU
		{16822108-00D3-423F-B4E8-4D4EEABD9D53}.Ad-Hoc|iPhoneSimulator.Build.0 = Release|Any CPU
		{16822108-00D3-423F-B4E8-4D4EEABD9D53}.Ad-Hoc|iPhoneSimulator.Deploy.0 = Release|Any CPU
		{16822108-00D3-423F-B4E8-4D4EEABD9D53}.Ad-Hoc|x64.ActiveCfg = Release|Any CPU
		{16822108-00D3-423F-B4E8-4D4EEABD9D53}.Ad-Hoc|x64.Build.0 = Release|Any CPU
		{16822108-00D3-423F-B4E8-4D4EEABD9D53}.Ad-Hoc|x64.Deploy.0 = Release|Any CPU
		{16822108-00D3-423F-B4E8-4D4EEABD9D53}.Ad-Hoc|x86.ActiveCfg = Release|Any CPU
		{16822108-00D3-423F-B4E8-4D4EEABD9D53}.Ad-Hoc|x86.Build.0 = Release|Any CPU
		{16822108-00D3-423F-B4E8-4D4EEABD9D53}.Ad-Hoc|x86.Deploy.0 = Release|Any CPU
		{16822108-00D3-423F-B4E8-4D4EEABD9D53}.AppStore|Any CPU.ActiveCfg = Release|Any CPU
		{16822108-00D3-423F-B4E8-4D4EEABD9D53}.AppStore|Any CPU.Build.0 = Release|Any CPU
		{16822108-00D3-423F-B4E8-4D4EEABD9D53}.AppStore|Any CPU.Deploy.0 = Release|Any CPU
		{16822108-00D3-423F-B4E8-4D4EEABD9D53}.AppStore|ARM.ActiveCfg = Release|Any CPU
		{16822108-00D3-423F-B4E8-4D4EEABD9D53}.AppStore|ARM.Build.0 = Release|Any CPU
		{16822108-00D3-423F-B4E8-4D4EEABD9D53}.AppStore|ARM.Deploy.0 = Release|Any CPU
		{16822108-00D3-423F-B4E8-4D4EEABD9D53}.AppStore|iPhone.ActiveCfg = Release|Any CPU
		{16822108-00D3-423F-B4E8-4D4EEABD9D53}.AppStore|iPhone.Build.0 = Release|Any CPU
		{16822108-00D3-423F-B4E8-4D4EEABD9D53}.AppStore|iPhone.Deploy.0 = Release|Any CPU
		{16822108-00D3-423F-B4E8-4D4EEABD9D53}.AppStore|iPhoneSimulator.ActiveCfg = Release|Any CPU
		{16822108-00D3-423F-B4E8-4D4EEABD9D53}.AppStore|iPhoneSimulator.Build.0 = Release|Any CPU
		{16822108-00D3-423F-B4E8-4D4EEABD9D53}.AppStore|iPhoneSimulator.Deploy.0 = Release|Any CPU
		{16822108-00D3-423F-B4E8-4D4EEABD9D53}.AppStore|x64.ActiveCfg = Release|Any CPU
		{16822108-00D3-423F-B4E8-4D4EEABD9D53}.AppStore|x64.Build.0 = Release|Any CPU
		{16822108-00D3-423F-B4E8-4D4EEABD9D53}.AppStore|x64.Deploy.0 = Release|Any CPU
		{16822108-00D3-423F-B4E8-4D4EEABD9D53}.AppStore|x86.ActiveCfg = Release|Any CPU
		{16822108-00D3-423F-B4E8-4D4EEABD9D53}.AppStore|x86.Build.0 = Release|Any CPU
		{16822108-00D3-423F-B4E8-4D4EEABD9D53}.AppStore|x86.Deploy.0 = Release|Any CPU
		{16822108-00D3-423F-B4E8-4D4EEABD9D53}.Debug|Any CPU.ActiveCfg = Debug|Any CPU
		{16822108-00D3-423F-B4E8-4D4EEABD9D53}.Debug|Any CPU.Build.0 = Debug|Any CPU
		{16822108-00D3-423F-B4E8-4D4EEABD9D53}.Debug|Any CPU.Deploy.0 = Debug|Any CPU
		{16822108-00D3-423F-B4E8-4D4EEABD9D53}.Debug|ARM.ActiveCfg = Debug|Any CPU
		{16822108-00D3-423F-B4E8-4D4EEABD9D53}.Debug|ARM.Build.0 = Debug|Any CPU
		{16822108-00D3-423F-B4E8-4D4EEABD9D53}.Debug|ARM.Deploy.0 = Debug|Any CPU
		{16822108-00D3-423F-B4E8-4D4EEABD9D53}.Debug|iPhone.ActiveCfg = Debug|Any CPU
		{16822108-00D3-423F-B4E8-4D4EEABD9D53}.Debug|iPhone.Build.0 = Debug|Any CPU
		{16822108-00D3-423F-B4E8-4D4EEABD9D53}.Debug|iPhone.Deploy.0 = Debug|Any CPU
		{16822108-00D3-423F-B4E8-4D4EEABD9D53}.Debug|iPhoneSimulator.ActiveCfg = Debug|Any CPU
		{16822108-00D3-423F-B4E8-4D4EEABD9D53}.Debug|iPhoneSimulator.Build.0 = Debug|Any CPU
		{16822108-00D3-423F-B4E8-4D4EEABD9D53}.Debug|iPhoneSimulator.Deploy.0 = Debug|Any CPU
		{16822108-00D3-423F-B4E8-4D4EEABD9D53}.Debug|x64.ActiveCfg = Debug|Any CPU
		{16822108-00D3-423F-B4E8-4D4EEABD9D53}.Debug|x64.Build.0 = Debug|Any CPU
		{16822108-00D3-423F-B4E8-4D4EEABD9D53}.Debug|x64.Deploy.0 = Debug|Any CPU
		{16822108-00D3-423F-B4E8-4D4EEABD9D53}.Debug|x86.ActiveCfg = Debug|Any CPU
		{16822108-00D3-423F-B4E8-4D4EEABD9D53}.Debug|x86.Build.0 = Debug|Any CPU
		{16822108-00D3-423F-B4E8-4D4EEABD9D53}.Debug|x86.Deploy.0 = Debug|Any CPU
		{16822108-00D3-423F-B4E8-4D4EEABD9D53}.Release|Any CPU.ActiveCfg = Release|Any CPU
		{16822108-00D3-423F-B4E8-4D4EEABD9D53}.Release|Any CPU.Build.0 = Release|Any CPU
		{16822108-00D3-423F-B4E8-4D4EEABD9D53}.Release|Any CPU.Deploy.0 = Release|Any CPU
		{16822108-00D3-423F-B4E8-4D4EEABD9D53}.Release|ARM.ActiveCfg = Release|Any CPU
		{16822108-00D3-423F-B4E8-4D4EEABD9D53}.Release|ARM.Build.0 = Release|Any CPU
		{16822108-00D3-423F-B4E8-4D4EEABD9D53}.Release|ARM.Deploy.0 = Release|Any CPU
		{16822108-00D3-423F-B4E8-4D4EEABD9D53}.Release|iPhone.ActiveCfg = Release|Any CPU
		{16822108-00D3-423F-B4E8-4D4EEABD9D53}.Release|iPhone.Build.0 = Release|Any CPU
		{16822108-00D3-423F-B4E8-4D4EEABD9D53}.Release|iPhone.Deploy.0 = Release|Any CPU
		{16822108-00D3-423F-B4E8-4D4EEABD9D53}.Release|iPhoneSimulator.ActiveCfg = Release|Any CPU
		{16822108-00D3-423F-B4E8-4D4EEABD9D53}.Release|iPhoneSimulator.Build.0 = Release|Any CPU
		{16822108-00D3-423F-B4E8-4D4EEABD9D53}.Release|iPhoneSimulator.Deploy.0 = Release|Any CPU
		{16822108-00D3-423F-B4E8-4D4EEABD9D53}.Release|x64.ActiveCfg = Release|Any CPU
		{16822108-00D3-423F-B4E8-4D4EEABD9D53}.Release|x64.Build.0 = Release|Any CPU
		{16822108-00D3-423F-B4E8-4D4EEABD9D53}.Release|x64.Deploy.0 = Release|Any CPU
		{16822108-00D3-423F-B4E8-4D4EEABD9D53}.Release|x86.ActiveCfg = Release|Any CPU
		{16822108-00D3-423F-B4E8-4D4EEABD9D53}.Release|x86.Build.0 = Release|Any CPU
		{16822108-00D3-423F-B4E8-4D4EEABD9D53}.Release|x86.Deploy.0 = Release|Any CPU
		{691C061D-9E56-4207-AFA1-971862A6464D}.Ad-Hoc|Any CPU.ActiveCfg = Ad-Hoc|iPhone
		{691C061D-9E56-4207-AFA1-971862A6464D}.Ad-Hoc|Any CPU.Build.0 = Ad-Hoc|iPhone
		{691C061D-9E56-4207-AFA1-971862A6464D}.Ad-Hoc|Any CPU.Deploy.0 = Ad-Hoc|iPhone
		{691C061D-9E56-4207-AFA1-971862A6464D}.Ad-Hoc|ARM.ActiveCfg = Ad-Hoc|iPhone
		{691C061D-9E56-4207-AFA1-971862A6464D}.Ad-Hoc|ARM.Build.0 = Ad-Hoc|iPhone
		{691C061D-9E56-4207-AFA1-971862A6464D}.Ad-Hoc|ARM.Deploy.0 = Ad-Hoc|iPhone
		{691C061D-9E56-4207-AFA1-971862A6464D}.Ad-Hoc|iPhone.ActiveCfg = Ad-Hoc|iPhone
		{691C061D-9E56-4207-AFA1-971862A6464D}.Ad-Hoc|iPhone.Build.0 = Ad-Hoc|iPhone
		{691C061D-9E56-4207-AFA1-971862A6464D}.Ad-Hoc|iPhone.Deploy.0 = Ad-Hoc|iPhone
		{691C061D-9E56-4207-AFA1-971862A6464D}.Ad-Hoc|iPhoneSimulator.ActiveCfg = Ad-Hoc|iPhoneSimulator
		{691C061D-9E56-4207-AFA1-971862A6464D}.Ad-Hoc|iPhoneSimulator.Build.0 = Ad-Hoc|iPhoneSimulator
		{691C061D-9E56-4207-AFA1-971862A6464D}.Ad-Hoc|iPhoneSimulator.Deploy.0 = Ad-Hoc|iPhoneSimulator
		{691C061D-9E56-4207-AFA1-971862A6464D}.Ad-Hoc|x64.ActiveCfg = Ad-Hoc|iPhone
		{691C061D-9E56-4207-AFA1-971862A6464D}.Ad-Hoc|x64.Build.0 = Ad-Hoc|iPhone
		{691C061D-9E56-4207-AFA1-971862A6464D}.Ad-Hoc|x64.Deploy.0 = Ad-Hoc|iPhone
		{691C061D-9E56-4207-AFA1-971862A6464D}.Ad-Hoc|x86.ActiveCfg = Ad-Hoc|iPhone
		{691C061D-9E56-4207-AFA1-971862A6464D}.Ad-Hoc|x86.Build.0 = Ad-Hoc|iPhone
		{691C061D-9E56-4207-AFA1-971862A6464D}.Ad-Hoc|x86.Deploy.0 = Ad-Hoc|iPhone
		{691C061D-9E56-4207-AFA1-971862A6464D}.AppStore|Any CPU.ActiveCfg = AppStore|iPhone
		{691C061D-9E56-4207-AFA1-971862A6464D}.AppStore|Any CPU.Build.0 = AppStore|iPhone
		{691C061D-9E56-4207-AFA1-971862A6464D}.AppStore|Any CPU.Deploy.0 = AppStore|iPhone
		{691C061D-9E56-4207-AFA1-971862A6464D}.AppStore|ARM.ActiveCfg = AppStore|iPhone
		{691C061D-9E56-4207-AFA1-971862A6464D}.AppStore|ARM.Build.0 = AppStore|iPhone
		{691C061D-9E56-4207-AFA1-971862A6464D}.AppStore|ARM.Deploy.0 = AppStore|iPhone
		{691C061D-9E56-4207-AFA1-971862A6464D}.AppStore|iPhone.ActiveCfg = AppStore|iPhone
		{691C061D-9E56-4207-AFA1-971862A6464D}.AppStore|iPhone.Build.0 = AppStore|iPhone
		{691C061D-9E56-4207-AFA1-971862A6464D}.AppStore|iPhone.Deploy.0 = AppStore|iPhone
		{691C061D-9E56-4207-AFA1-971862A6464D}.AppStore|iPhoneSimulator.ActiveCfg = AppStore|iPhoneSimulator
		{691C061D-9E56-4207-AFA1-971862A6464D}.AppStore|iPhoneSimulator.Build.0 = AppStore|iPhoneSimulator
		{691C061D-9E56-4207-AFA1-971862A6464D}.AppStore|iPhoneSimulator.Deploy.0 = AppStore|iPhoneSimulator
		{691C061D-9E56-4207-AFA1-971862A6464D}.AppStore|x64.ActiveCfg = AppStore|iPhone
		{691C061D-9E56-4207-AFA1-971862A6464D}.AppStore|x64.Build.0 = AppStore|iPhone
		{691C061D-9E56-4207-AFA1-971862A6464D}.AppStore|x64.Deploy.0 = AppStore|iPhone
		{691C061D-9E56-4207-AFA1-971862A6464D}.AppStore|x86.ActiveCfg = AppStore|iPhone
		{691C061D-9E56-4207-AFA1-971862A6464D}.AppStore|x86.Build.0 = AppStore|iPhone
		{691C061D-9E56-4207-AFA1-971862A6464D}.AppStore|x86.Deploy.0 = AppStore|iPhone
		{691C061D-9E56-4207-AFA1-971862A6464D}.Debug|Any CPU.ActiveCfg = Debug|iPhoneSimulator
		{691C061D-9E56-4207-AFA1-971862A6464D}.Debug|Any CPU.Build.0 = Debug|iPhoneSimulator
		{691C061D-9E56-4207-AFA1-971862A6464D}.Debug|Any CPU.Deploy.0 = Debug|iPhoneSimulator
		{691C061D-9E56-4207-AFA1-971862A6464D}.Debug|ARM.ActiveCfg = Debug|iPhone
		{691C061D-9E56-4207-AFA1-971862A6464D}.Debug|ARM.Build.0 = Debug|iPhone
		{691C061D-9E56-4207-AFA1-971862A6464D}.Debug|ARM.Deploy.0 = Debug|iPhone
		{691C061D-9E56-4207-AFA1-971862A6464D}.Debug|iPhone.ActiveCfg = Debug|iPhone
		{691C061D-9E56-4207-AFA1-971862A6464D}.Debug|iPhone.Build.0 = Debug|iPhone
		{691C061D-9E56-4207-AFA1-971862A6464D}.Debug|iPhone.Deploy.0 = Debug|iPhone
		{691C061D-9E56-4207-AFA1-971862A6464D}.Debug|iPhoneSimulator.ActiveCfg = Debug|iPhoneSimulator
		{691C061D-9E56-4207-AFA1-971862A6464D}.Debug|iPhoneSimulator.Build.0 = Debug|iPhoneSimulator
		{691C061D-9E56-4207-AFA1-971862A6464D}.Debug|iPhoneSimulator.Deploy.0 = Debug|iPhoneSimulator
		{691C061D-9E56-4207-AFA1-971862A6464D}.Debug|x64.ActiveCfg = Debug|iPhone
		{691C061D-9E56-4207-AFA1-971862A6464D}.Debug|x64.Build.0 = Debug|iPhone
		{691C061D-9E56-4207-AFA1-971862A6464D}.Debug|x64.Deploy.0 = Debug|iPhone
		{691C061D-9E56-4207-AFA1-971862A6464D}.Debug|x86.ActiveCfg = Debug|iPhone
		{691C061D-9E56-4207-AFA1-971862A6464D}.Debug|x86.Build.0 = Debug|iPhone
		{691C061D-9E56-4207-AFA1-971862A6464D}.Debug|x86.Deploy.0 = Debug|iPhone
		{691C061D-9E56-4207-AFA1-971862A6464D}.Release|Any CPU.ActiveCfg = Release|iPhone
		{691C061D-9E56-4207-AFA1-971862A6464D}.Release|Any CPU.Build.0 = Release|iPhone
		{691C061D-9E56-4207-AFA1-971862A6464D}.Release|Any CPU.Deploy.0 = Release|iPhone
		{691C061D-9E56-4207-AFA1-971862A6464D}.Release|ARM.ActiveCfg = Release|iPhone
		{691C061D-9E56-4207-AFA1-971862A6464D}.Release|ARM.Build.0 = Release|iPhone
		{691C061D-9E56-4207-AFA1-971862A6464D}.Release|ARM.Deploy.0 = Release|iPhone
		{691C061D-9E56-4207-AFA1-971862A6464D}.Release|iPhone.ActiveCfg = Release|iPhone
		{691C061D-9E56-4207-AFA1-971862A6464D}.Release|iPhone.Build.0 = Release|iPhone
		{691C061D-9E56-4207-AFA1-971862A6464D}.Release|iPhone.Deploy.0 = Release|iPhone
		{691C061D-9E56-4207-AFA1-971862A6464D}.Release|iPhoneSimulator.ActiveCfg = Release|iPhoneSimulator
		{691C061D-9E56-4207-AFA1-971862A6464D}.Release|iPhoneSimulator.Build.0 = Release|iPhoneSimulator
		{691C061D-9E56-4207-AFA1-971862A6464D}.Release|iPhoneSimulator.Deploy.0 = Release|iPhoneSimulator
		{691C061D-9E56-4207-AFA1-971862A6464D}.Release|x64.ActiveCfg = Release|iPhone
		{691C061D-9E56-4207-AFA1-971862A6464D}.Release|x64.Build.0 = Release|iPhone
		{691C061D-9E56-4207-AFA1-971862A6464D}.Release|x64.Deploy.0 = Release|iPhone
		{691C061D-9E56-4207-AFA1-971862A6464D}.Release|x86.ActiveCfg = Release|iPhone
		{691C061D-9E56-4207-AFA1-971862A6464D}.Release|x86.Build.0 = Release|iPhone
		{691C061D-9E56-4207-AFA1-971862A6464D}.Release|x86.Deploy.0 = Release|iPhone
		{7B217F94-D4A1-4207-A1A8-62CD6474C2DF}.Ad-Hoc|Any CPU.ActiveCfg = Release|x86
		{7B217F94-D4A1-4207-A1A8-62CD6474C2DF}.Ad-Hoc|Any CPU.Build.0 = Release|x86
		{7B217F94-D4A1-4207-A1A8-62CD6474C2DF}.Ad-Hoc|Any CPU.Deploy.0 = Release|x86
		{7B217F94-D4A1-4207-A1A8-62CD6474C2DF}.Ad-Hoc|ARM.ActiveCfg = Release|ARM
		{7B217F94-D4A1-4207-A1A8-62CD6474C2DF}.Ad-Hoc|ARM.Build.0 = Release|ARM
		{7B217F94-D4A1-4207-A1A8-62CD6474C2DF}.Ad-Hoc|ARM.Deploy.0 = Release|ARM
		{7B217F94-D4A1-4207-A1A8-62CD6474C2DF}.Ad-Hoc|iPhone.ActiveCfg = Release|x86
		{7B217F94-D4A1-4207-A1A8-62CD6474C2DF}.Ad-Hoc|iPhone.Build.0 = Release|x86
		{7B217F94-D4A1-4207-A1A8-62CD6474C2DF}.Ad-Hoc|iPhone.Deploy.0 = Release|x86
		{7B217F94-D4A1-4207-A1A8-62CD6474C2DF}.Ad-Hoc|iPhoneSimulator.ActiveCfg = Release|x86
		{7B217F94-D4A1-4207-A1A8-62CD6474C2DF}.Ad-Hoc|iPhoneSimulator.Build.0 = Release|x86
		{7B217F94-D4A1-4207-A1A8-62CD6474C2DF}.Ad-Hoc|iPhoneSimulator.Deploy.0 = Release|x86
		{7B217F94-D4A1-4207-A1A8-62CD6474C2DF}.Ad-Hoc|x64.ActiveCfg = Release|x64
		{7B217F94-D4A1-4207-A1A8-62CD6474C2DF}.Ad-Hoc|x64.Build.0 = Release|x64
		{7B217F94-D4A1-4207-A1A8-62CD6474C2DF}.Ad-Hoc|x64.Deploy.0 = Release|x64
		{7B217F94-D4A1-4207-A1A8-62CD6474C2DF}.Ad-Hoc|x86.ActiveCfg = Release|x86
		{7B217F94-D4A1-4207-A1A8-62CD6474C2DF}.Ad-Hoc|x86.Build.0 = Release|x86
		{7B217F94-D4A1-4207-A1A8-62CD6474C2DF}.Ad-Hoc|x86.Deploy.0 = Release|x86
		{7B217F94-D4A1-4207-A1A8-62CD6474C2DF}.AppStore|Any CPU.ActiveCfg = Release|x86
		{7B217F94-D4A1-4207-A1A8-62CD6474C2DF}.AppStore|Any CPU.Build.0 = Release|x86
		{7B217F94-D4A1-4207-A1A8-62CD6474C2DF}.AppStore|Any CPU.Deploy.0 = Release|x86
		{7B217F94-D4A1-4207-A1A8-62CD6474C2DF}.AppStore|ARM.ActiveCfg = Release|ARM
		{7B217F94-D4A1-4207-A1A8-62CD6474C2DF}.AppStore|ARM.Build.0 = Release|ARM
		{7B217F94-D4A1-4207-A1A8-62CD6474C2DF}.AppStore|ARM.Deploy.0 = Release|ARM
		{7B217F94-D4A1-4207-A1A8-62CD6474C2DF}.AppStore|iPhone.ActiveCfg = Release|x86
		{7B217F94-D4A1-4207-A1A8-62CD6474C2DF}.AppStore|iPhone.Build.0 = Release|x86
		{7B217F94-D4A1-4207-A1A8-62CD6474C2DF}.AppStore|iPhone.Deploy.0 = Release|x86
		{7B217F94-D4A1-4207-A1A8-62CD6474C2DF}.AppStore|iPhoneSimulator.ActiveCfg = Release|x86
		{7B217F94-D4A1-4207-A1A8-62CD6474C2DF}.AppStore|iPhoneSimulator.Build.0 = Release|x86
		{7B217F94-D4A1-4207-A1A8-62CD6474C2DF}.AppStore|iPhoneSimulator.Deploy.0 = Release|x86
		{7B217F94-D4A1-4207-A1A8-62CD6474C2DF}.AppStore|x64.ActiveCfg = Release|x64
		{7B217F94-D4A1-4207-A1A8-62CD6474C2DF}.AppStore|x64.Build.0 = Release|x64
		{7B217F94-D4A1-4207-A1A8-62CD6474C2DF}.AppStore|x64.Deploy.0 = Release|x64
		{7B217F94-D4A1-4207-A1A8-62CD6474C2DF}.AppStore|x86.ActiveCfg = Release|x86
		{7B217F94-D4A1-4207-A1A8-62CD6474C2DF}.AppStore|x86.Build.0 = Release|x86
		{7B217F94-D4A1-4207-A1A8-62CD6474C2DF}.AppStore|x86.Deploy.0 = Release|x86
		{7B217F94-D4A1-4207-A1A8-62CD6474C2DF}.Debug|Any CPU.ActiveCfg = Debug|x86
		{7B217F94-D4A1-4207-A1A8-62CD6474C2DF}.Debug|Any CPU.Build.0 = Debug|x86
		{7B217F94-D4A1-4207-A1A8-62CD6474C2DF}.Debug|Any CPU.Deploy.0 = Debug|x86
		{7B217F94-D4A1-4207-A1A8-62CD6474C2DF}.Debug|ARM.ActiveCfg = Debug|ARM
		{7B217F94-D4A1-4207-A1A8-62CD6474C2DF}.Debug|ARM.Build.0 = Debug|ARM
		{7B217F94-D4A1-4207-A1A8-62CD6474C2DF}.Debug|ARM.Deploy.0 = Debug|ARM
		{7B217F94-D4A1-4207-A1A8-62CD6474C2DF}.Debug|iPhone.ActiveCfg = Debug|x86
		{7B217F94-D4A1-4207-A1A8-62CD6474C2DF}.Debug|iPhone.Build.0 = Debug|x86
		{7B217F94-D4A1-4207-A1A8-62CD6474C2DF}.Debug|iPhone.Deploy.0 = Debug|x86
		{7B217F94-D4A1-4207-A1A8-62CD6474C2DF}.Debug|iPhoneSimulator.ActiveCfg = Debug|x86
		{7B217F94-D4A1-4207-A1A8-62CD6474C2DF}.Debug|iPhoneSimulator.Build.0 = Debug|x86
		{7B217F94-D4A1-4207-A1A8-62CD6474C2DF}.Debug|iPhoneSimulator.Deploy.0 = Debug|x86
		{7B217F94-D4A1-4207-A1A8-62CD6474C2DF}.Debug|x64.ActiveCfg = Debug|x64
		{7B217F94-D4A1-4207-A1A8-62CD6474C2DF}.Debug|x64.Build.0 = Debug|x64
		{7B217F94-D4A1-4207-A1A8-62CD6474C2DF}.Debug|x64.Deploy.0 = Debug|x64
		{7B217F94-D4A1-4207-A1A8-62CD6474C2DF}.Debug|x86.ActiveCfg = Debug|x86
		{7B217F94-D4A1-4207-A1A8-62CD6474C2DF}.Debug|x86.Build.0 = Debug|x86
		{7B217F94-D4A1-4207-A1A8-62CD6474C2DF}.Debug|x86.Deploy.0 = Debug|x86
		{7B217F94-D4A1-4207-A1A8-62CD6474C2DF}.Release|Any CPU.ActiveCfg = Release|x86
		{7B217F94-D4A1-4207-A1A8-62CD6474C2DF}.Release|Any CPU.Build.0 = Release|x86
		{7B217F94-D4A1-4207-A1A8-62CD6474C2DF}.Release|Any CPU.Deploy.0 = Release|x86
		{7B217F94-D4A1-4207-A1A8-62CD6474C2DF}.Release|ARM.ActiveCfg = Release|ARM
		{7B217F94-D4A1-4207-A1A8-62CD6474C2DF}.Release|ARM.Build.0 = Release|ARM
		{7B217F94-D4A1-4207-A1A8-62CD6474C2DF}.Release|ARM.Deploy.0 = Release|ARM
		{7B217F94-D4A1-4207-A1A8-62CD6474C2DF}.Release|iPhone.ActiveCfg = Release|x86
		{7B217F94-D4A1-4207-A1A8-62CD6474C2DF}.Release|iPhone.Build.0 = Release|x86
		{7B217F94-D4A1-4207-A1A8-62CD6474C2DF}.Release|iPhone.Deploy.0 = Release|x86
		{7B217F94-D4A1-4207-A1A8-62CD6474C2DF}.Release|iPhoneSimulator.ActiveCfg = Release|x86
		{7B217F94-D4A1-4207-A1A8-62CD6474C2DF}.Release|iPhoneSimulator.Build.0 = Release|x86
		{7B217F94-D4A1-4207-A1A8-62CD6474C2DF}.Release|iPhoneSimulator.Deploy.0 = Release|x86
		{7B217F94-D4A1-4207-A1A8-62CD6474C2DF}.Release|x64.ActiveCfg = Release|x64
		{7B217F94-D4A1-4207-A1A8-62CD6474C2DF}.Release|x64.Build.0 = Release|x64
		{7B217F94-D4A1-4207-A1A8-62CD6474C2DF}.Release|x64.Deploy.0 = Release|x64
		{7B217F94-D4A1-4207-A1A8-62CD6474C2DF}.Release|x86.ActiveCfg = Release|x86
		{7B217F94-D4A1-4207-A1A8-62CD6474C2DF}.Release|x86.Build.0 = Release|x86
		{7B217F94-D4A1-4207-A1A8-62CD6474C2DF}.Release|x86.Deploy.0 = Release|x86
		{8F5DB2F4-65B5-4054-A452-102B35A8FC7D}.Ad-Hoc|Any CPU.ActiveCfg = Debug|Any CPU
		{8F5DB2F4-65B5-4054-A452-102B35A8FC7D}.Ad-Hoc|Any CPU.Build.0 = Debug|Any CPU
		{8F5DB2F4-65B5-4054-A452-102B35A8FC7D}.Ad-Hoc|Any CPU.Deploy.0 = Debug|Any CPU
		{8F5DB2F4-65B5-4054-A452-102B35A8FC7D}.Ad-Hoc|ARM.ActiveCfg = Debug|Any CPU
		{8F5DB2F4-65B5-4054-A452-102B35A8FC7D}.Ad-Hoc|ARM.Build.0 = Debug|Any CPU
		{8F5DB2F4-65B5-4054-A452-102B35A8FC7D}.Ad-Hoc|ARM.Deploy.0 = Debug|Any CPU
		{8F5DB2F4-65B5-4054-A452-102B35A8FC7D}.Ad-Hoc|iPhone.ActiveCfg = Debug|Any CPU
		{8F5DB2F4-65B5-4054-A452-102B35A8FC7D}.Ad-Hoc|iPhone.Build.0 = Debug|Any CPU
		{8F5DB2F4-65B5-4054-A452-102B35A8FC7D}.Ad-Hoc|iPhone.Deploy.0 = Debug|Any CPU
		{8F5DB2F4-65B5-4054-A452-102B35A8FC7D}.Ad-Hoc|iPhoneSimulator.ActiveCfg = Debug|Any CPU
		{8F5DB2F4-65B5-4054-A452-102B35A8FC7D}.Ad-Hoc|iPhoneSimulator.Build.0 = Debug|Any CPU
		{8F5DB2F4-65B5-4054-A452-102B35A8FC7D}.Ad-Hoc|iPhoneSimulator.Deploy.0 = Debug|Any CPU
		{8F5DB2F4-65B5-4054-A452-102B35A8FC7D}.Ad-Hoc|x64.ActiveCfg = Debug|Any CPU
		{8F5DB2F4-65B5-4054-A452-102B35A8FC7D}.Ad-Hoc|x64.Build.0 = Debug|Any CPU
		{8F5DB2F4-65B5-4054-A452-102B35A8FC7D}.Ad-Hoc|x64.Deploy.0 = Debug|Any CPU
		{8F5DB2F4-65B5-4054-A452-102B35A8FC7D}.Ad-Hoc|x86.ActiveCfg = Debug|Any CPU
		{8F5DB2F4-65B5-4054-A452-102B35A8FC7D}.Ad-Hoc|x86.Build.0 = Debug|Any CPU
		{8F5DB2F4-65B5-4054-A452-102B35A8FC7D}.Ad-Hoc|x86.Deploy.0 = Debug|Any CPU
		{8F5DB2F4-65B5-4054-A452-102B35A8FC7D}.AppStore|Any CPU.ActiveCfg = Debug|Any CPU
		{8F5DB2F4-65B5-4054-A452-102B35A8FC7D}.AppStore|Any CPU.Build.0 = Debug|Any CPU
		{8F5DB2F4-65B5-4054-A452-102B35A8FC7D}.AppStore|Any CPU.Deploy.0 = Debug|Any CPU
		{8F5DB2F4-65B5-4054-A452-102B35A8FC7D}.AppStore|ARM.ActiveCfg = Debug|Any CPU
		{8F5DB2F4-65B5-4054-A452-102B35A8FC7D}.AppStore|ARM.Build.0 = Debug|Any CPU
		{8F5DB2F4-65B5-4054-A452-102B35A8FC7D}.AppStore|ARM.Deploy.0 = Debug|Any CPU
		{8F5DB2F4-65B5-4054-A452-102B35A8FC7D}.AppStore|iPhone.ActiveCfg = Debug|Any CPU
		{8F5DB2F4-65B5-4054-A452-102B35A8FC7D}.AppStore|iPhone.Build.0 = Debug|Any CPU
		{8F5DB2F4-65B5-4054-A452-102B35A8FC7D}.AppStore|iPhone.Deploy.0 = Debug|Any CPU
		{8F5DB2F4-65B5-4054-A452-102B35A8FC7D}.AppStore|iPhoneSimulator.ActiveCfg = Debug|Any CPU
		{8F5DB2F4-65B5-4054-A452-102B35A8FC7D}.AppStore|iPhoneSimulator.Build.0 = Debug|Any CPU
		{8F5DB2F4-65B5-4054-A452-102B35A8FC7D}.AppStore|iPhoneSimulator.Deploy.0 = Debug|Any CPU
		{8F5DB2F4-65B5-4054-A452-102B35A8FC7D}.AppStore|x64.ActiveCfg = Debug|Any CPU
		{8F5DB2F4-65B5-4054-A452-102B35A8FC7D}.AppStore|x64.Build.0 = Debug|Any CPU
		{8F5DB2F4-65B5-4054-A452-102B35A8FC7D}.AppStore|x64.Deploy.0 = Debug|Any CPU
		{8F5DB2F4-65B5-4054-A452-102B35A8FC7D}.AppStore|x86.ActiveCfg = Debug|Any CPU
		{8F5DB2F4-65B5-4054-A452-102B35A8FC7D}.AppStore|x86.Build.0 = Debug|Any CPU
		{8F5DB2F4-65B5-4054-A452-102B35A8FC7D}.AppStore|x86.Deploy.0 = Debug|Any CPU
		{8F5DB2F4-65B5-4054-A452-102B35A8FC7D}.Debug|Any CPU.ActiveCfg = Debug|Any CPU
		{8F5DB2F4-65B5-4054-A452-102B35A8FC7D}.Debug|Any CPU.Build.0 = Debug|Any CPU
		{8F5DB2F4-65B5-4054-A452-102B35A8FC7D}.Debug|Any CPU.Deploy.0 = Debug|Any CPU
		{8F5DB2F4-65B5-4054-A452-102B35A8FC7D}.Debug|ARM.ActiveCfg = Debug|Any CPU
		{8F5DB2F4-65B5-4054-A452-102B35A8FC7D}.Debug|ARM.Build.0 = Debug|Any CPU
		{8F5DB2F4-65B5-4054-A452-102B35A8FC7D}.Debug|ARM.Deploy.0 = Debug|Any CPU
		{8F5DB2F4-65B5-4054-A452-102B35A8FC7D}.Debug|iPhone.ActiveCfg = Debug|Any CPU
		{8F5DB2F4-65B5-4054-A452-102B35A8FC7D}.Debug|iPhone.Build.0 = Debug|Any CPU
		{8F5DB2F4-65B5-4054-A452-102B35A8FC7D}.Debug|iPhone.Deploy.0 = Debug|Any CPU
		{8F5DB2F4-65B5-4054-A452-102B35A8FC7D}.Debug|iPhoneSimulator.ActiveCfg = Debug|Any CPU
		{8F5DB2F4-65B5-4054-A452-102B35A8FC7D}.Debug|iPhoneSimulator.Build.0 = Debug|Any CPU
		{8F5DB2F4-65B5-4054-A452-102B35A8FC7D}.Debug|iPhoneSimulator.Deploy.0 = Debug|Any CPU
		{8F5DB2F4-65B5-4054-A452-102B35A8FC7D}.Debug|x64.ActiveCfg = Debug|Any CPU
		{8F5DB2F4-65B5-4054-A452-102B35A8FC7D}.Debug|x64.Build.0 = Debug|Any CPU
		{8F5DB2F4-65B5-4054-A452-102B35A8FC7D}.Debug|x64.Deploy.0 = Debug|Any CPU
		{8F5DB2F4-65B5-4054-A452-102B35A8FC7D}.Debug|x86.ActiveCfg = Debug|Any CPU
		{8F5DB2F4-65B5-4054-A452-102B35A8FC7D}.Debug|x86.Build.0 = Debug|Any CPU
		{8F5DB2F4-65B5-4054-A452-102B35A8FC7D}.Debug|x86.Deploy.0 = Debug|Any CPU
		{8F5DB2F4-65B5-4054-A452-102B35A8FC7D}.Release|Any CPU.ActiveCfg = Release|Any CPU
		{8F5DB2F4-65B5-4054-A452-102B35A8FC7D}.Release|Any CPU.Build.0 = Release|Any CPU
		{8F5DB2F4-65B5-4054-A452-102B35A8FC7D}.Release|Any CPU.Deploy.0 = Release|Any CPU
		{8F5DB2F4-65B5-4054-A452-102B35A8FC7D}.Release|ARM.ActiveCfg = Release|Any CPU
		{8F5DB2F4-65B5-4054-A452-102B35A8FC7D}.Release|ARM.Build.0 = Release|Any CPU
		{8F5DB2F4-65B5-4054-A452-102B35A8FC7D}.Release|ARM.Deploy.0 = Release|Any CPU
		{8F5DB2F4-65B5-4054-A452-102B35A8FC7D}.Release|iPhone.ActiveCfg = Release|Any CPU
		{8F5DB2F4-65B5-4054-A452-102B35A8FC7D}.Release|iPhone.Build.0 = Release|Any CPU
		{8F5DB2F4-65B5-4054-A452-102B35A8FC7D}.Release|iPhone.Deploy.0 = Release|Any CPU
		{8F5DB2F4-65B5-4054-A452-102B35A8FC7D}.Release|iPhoneSimulator.ActiveCfg = Release|Any CPU
		{8F5DB2F4-65B5-4054-A452-102B35A8FC7D}.Release|iPhoneSimulator.Build.0 = Release|Any CPU
		{8F5DB2F4-65B5-4054-A452-102B35A8FC7D}.Release|iPhoneSimulator.Deploy.0 = Release|Any CPU
		{8F5DB2F4-65B5-4054-A452-102B35A8FC7D}.Release|x64.ActiveCfg = Release|Any CPU
		{8F5DB2F4-65B5-4054-A452-102B35A8FC7D}.Release|x64.Build.0 = Release|Any CPU
		{8F5DB2F4-65B5-4054-A452-102B35A8FC7D}.Release|x64.Deploy.0 = Release|Any CPU
		{8F5DB2F4-65B5-4054-A452-102B35A8FC7D}.Release|x86.ActiveCfg = Release|Any CPU
		{8F5DB2F4-65B5-4054-A452-102B35A8FC7D}.Release|x86.Build.0 = Release|Any CPU
		{8F5DB2F4-65B5-4054-A452-102B35A8FC7D}.Release|x86.Deploy.0 = Release|Any CPU
	EndGlobalSection
	GlobalSection(SolutionProperties) = preSolution
		HideSolutionNode = FALSE
	EndGlobalSection
	GlobalSection(ExtensibilityGlobals) = postSolution
		SolutionGuid = {4715D711-7300-4AF8-B1A4-5CFCC276D0C0}
	EndGlobalSection
EndGlobal
